
Microsoft Visual Studio Solution File, Format Version 12.00
# Visual Studio Version 16
VisualStudioVersion = 16.0.32602.291
MinimumVisualStudioVersion = 10.0.40219.1
Project("{FAE04EC0-301F-11D3-BF4B-00C04F79EFBC}") = "SHA256", "SHA256\SHA256.csproj", "{29482AC1-B586-4467-ACBC-19B4DC2A4E89}"
EndProject
Global
	GlobalSection(SolutionConfigurationPlatforms) = preSolution
		Debug|Any CPU = Debug|Any CPU
		Release|Any CPU = Release|Any CPU
	EndGlobalSection
	GlobalSection(ProjectConfigurationPlatforms) = postSolution
		{29482AC1-B586-4467-ACBC-19B4DC2A4E89}.Debug|Any CPU.ActiveCfg = Debug|Any CPU
		{29482AC1-B586-4467-ACBC-19B4DC2A4E89}.Debug|Any CPU.Build.0 = Debug|Any CPU
		{29482AC1-B586-4467-ACBC-19B4DC2A4E89}.Release|Any CPU.ActiveCfg = Release|Any CPU
		{29482AC1-B586-4467-ACBC-19B4DC2A4E89}.Release|Any CPU.Build.0 = Release|Any CPU
	EndGlobalSection
	GlobalSection(SolutionProperties) = preSolution
		HideSolutionNode = FALSE
	EndGlobalSection
	GlobalSection(ExtensibilityGlobals) = postSolution
		SolutionGuid = {511E5803-AC9E-46C8-B618-F2181192D2FE}
	EndGlobalSection
EndGlobal
